# This file was autogenerated by Stack.
# You should not edit this file by hand.
# For more information, please see the documentation at:
#   https://docs.haskellstack.org/en/stable/lock_files

packages:
- completed:
    hackage: telegram-bot-simple-0.12@sha256:6e0d268458ead1a1da8d651fca1f74a7d640d57e6506496491cdc35d43003528,5585
    pantry-tree:
      sha256: 911d010c44f1ce42d5b1ac7acf66ca04482b3e1a1a519e6c54ee4c2e9e827513
      size: 1374
  original:
    hackage: telegram-bot-simple-0.12
- completed:
    filepath: telegram-bot-api-6.7.1.tar.gz
    name: telegram-bot-api
    pantry-tree:
      sha256: 4b9d54900c07e913da4e66331c881c7819ba4d6096dba2c0eb6ce17bb794b240
      size: 15189
    sha256: 8d5bbad15ac0fbc621254565623bf832d895006af2a5f2ff0d33d0b18ec86280
    size: 81687
    version: 6.7.1
  original:
    filepath: telegram-bot-api-6.7.1.tar.gz
snapshots:
- completed:
    sha256: cfd4536710fbd0ee992ba694f7229bb2a3e3d9f7e084c2524faed472c4bdbee3
    size: 632121
    url: https://raw.githubusercontent.com/commercialhaskell/stackage-snapshots/master/nightly/2023/5/31.yaml
  original: nightly-2023-05-31
